
Microsoft Visual Studio Solution File, Format Version 12.00
# Visual Studio Version 17
VisualStudioVersion = 17.3.32929.385
MinimumVisualStudioVersion = 10.0.40219.1
Project("{FAE04EC0-301F-11D3-BF4B-00C04F79EFBC}") = "BT-May", "BT-May\BT-May.csproj", "{A225DDAF-4116-4EC8-BA6F-B644937BA7E2}"
EndProject
Global
	GlobalSection(SolutionConfigurationPlatforms) = preSolution
		Debug|Any CPU = Debug|Any CPU
		Release|Any CPU = Release|Any CPU
	EndGlobalSection
	GlobalSection(ProjectConfigurationPlatforms) = postSolution
		{A225DDAF-4116-4EC8-BA6F-B644937BA7E2}.Debug|Any CPU.ActiveCfg = Debug|Any CPU
		{A225DDAF-4116-4EC8-BA6F-B644937BA7E2}.Debug|Any CPU.Build.0 = Debug|Any CPU
		{A225DDAF-4116-4EC8-BA6F-B644937BA7E2}.Release|Any CPU.ActiveCfg = Release|Any CPU
		{A225DDAF-4116-4EC8-BA6F-B644937BA7E2}.Release|Any CPU.Build.0 = Release|Any CPU
	EndGlobalSection
	GlobalSection(SolutionProperties) = preSolution
		HideSolutionNode = FALSE
	EndGlobalSection
	GlobalSection(ExtensibilityGlobals) = postSolution
		SolutionGuid = {7C7FB7C9-24BD-4660-9990-3BFFA39D2FCD}
	EndGlobalSection
EndGlobal
